
Microsoft Visual Studio Solution File, Format Version 12.00
# Visual Studio Version 16
VisualStudioVersion = 16.0.29806.167
MinimumVisualStudioVersion = 10.0.40219.1
Project("{FAE04EC0-301F-11D3-BF4B-00C04F79EFBC}") = "NetFrameworkExample", "NetFrameworkExample\NetFrameworkExample.csproj", "{8B162A2C-BD30-4033-BCC1-DFD847D3F894}"
EndProject
Global
	GlobalSection(SolutionConfigurationPlatforms) = preSolution
		Debug|Any CPU = Debug|Any CPU
		Release|Any CPU = Release|Any CPU
	EndGlobalSection
	GlobalSection(ProjectConfigurationPlatforms) = postSolution
		{8B162A2C-BD30-4033-BCC1-DFD847D3F894}.Debug|Any CPU.ActiveCfg = Debug|Any CPU
		{8B162A2C-BD30-4033-BCC1-DFD847D3F894}.Debug|Any CPU.Build.0 = Debug|Any CPU
		{8B162A2C-BD30-4033-BCC1-DFD847D3F894}.Release|Any CPU.ActiveCfg = Release|Any CPU
		{8B162A2C-BD30-4033-BCC1-DFD847D3F894}.Release|Any CPU.Build.0 = Release|Any CPU
	EndGlobalSection
	GlobalSection(SolutionProperties) = preSolution
		HideSolutionNode = FALSE
	EndGlobalSection
	GlobalSection(ExtensibilityGlobals) = postSolution
		SolutionGuid = {90A6A704-6CA3-42A3-96A9-AD5D0FA378A2}
	EndGlobalSection
EndGlobal
