
Microsoft Visual Studio Solution File, Format Version 12.00
# Visual Studio Version 17
VisualStudioVersion = 17.1.32414.318
MinimumVisualStudioVersion = 10.0.40219.1
Project("{FAE04EC0-301F-11D3-BF4B-00C04F79EFBC}") = "CookieAuth", "CookieAuth\CookieAuth.csproj", "{DBD53F21-348F-4AB6-8038-7EF7653029CF}"
EndProject
Global
	GlobalSection(SolutionConfigurationPlatforms) = preSolution
		Debug|Any CPU = Debug|Any CPU
		Release|Any CPU = Release|Any CPU
	EndGlobalSection
	GlobalSection(ProjectConfigurationPlatforms) = postSolution
		{DBD53F21-348F-4AB6-8038-7EF7653029CF}.Debug|Any CPU.ActiveCfg = Debug|Any CPU
		{DBD53F21-348F-4AB6-8038-7EF7653029CF}.Debug|Any CPU.Build.0 = Debug|Any CPU
		{DBD53F21-348F-4AB6-8038-7EF7653029CF}.Release|Any CPU.ActiveCfg = Release|Any CPU
		{DBD53F21-348F-4AB6-8038-7EF7653029CF}.Release|Any CPU.Build.0 = Release|Any CPU
	EndGlobalSection
	GlobalSection(SolutionProperties) = preSolution
		HideSolutionNode = FALSE
	EndGlobalSection
	GlobalSection(ExtensibilityGlobals) = postSolution
		SolutionGuid = {A08BA4C7-C2D5-4A79-A651-139CAB01FCFB}
	EndGlobalSection
EndGlobal
