
Microsoft Visual Studio Solution File, Format Version 12.00
# Visual Studio Version 16
VisualStudioVersion = 16.0.29806.167
MinimumVisualStudioVersion = 10.0.40219.1
Project("{9A19103F-16F7-4668-BE54-9A1E7A4F7556}") = "NetCoreExampleApi", "NetCoreExampleApi\NetCoreExampleApi.csproj", "{BB561C49-5F6C-4297-8CA7-EAE4E71DE323}"
EndProject
Project("{FAE04EC0-301F-11D3-BF4B-00C04F79EFBC}") = "Database", "Database\Database.csproj", "{A1A3F0F0-AEE7-4CC1-B672-D06AF5955292}"
EndProject
Global
	GlobalSection(SolutionConfigurationPlatforms) = preSolution
		Debug|Any CPU = Debug|Any CPU
		Release|Any CPU = Release|Any CPU
	EndGlobalSection
	GlobalSection(ProjectConfigurationPlatforms) = postSolution
		{BB561C49-5F6C-4297-8CA7-EAE4E71DE323}.Debug|Any CPU.ActiveCfg = Debug|Any CPU
		{BB561C49-5F6C-4297-8CA7-EAE4E71DE323}.Debug|Any CPU.Build.0 = Debug|Any CPU
		{BB561C49-5F6C-4297-8CA7-EAE4E71DE323}.Release|Any CPU.ActiveCfg = Release|Any CPU
		{BB561C49-5F6C-4297-8CA7-EAE4E71DE323}.Release|Any CPU.Build.0 = Release|Any CPU
		{A1A3F0F0-AEE7-4CC1-B672-D06AF5955292}.Debug|Any CPU.ActiveCfg = Debug|Any CPU
		{A1A3F0F0-AEE7-4CC1-B672-D06AF5955292}.Debug|Any CPU.Build.0 = Debug|Any CPU
		{A1A3F0F0-AEE7-4CC1-B672-D06AF5955292}.Release|Any CPU.ActiveCfg = Release|Any CPU
		{A1A3F0F0-AEE7-4CC1-B672-D06AF5955292}.Release|Any CPU.Build.0 = Release|Any CPU
	EndGlobalSection
	GlobalSection(SolutionProperties) = preSolution
		HideSolutionNode = FALSE
	EndGlobalSection
	GlobalSection(ExtensibilityGlobals) = postSolution
		SolutionGuid = {34EF1CC3-60F7-43E9-985C-9F47CD9BE7B7}
	EndGlobalSection
EndGlobal
